// !$*UTF8*$!
{
	archiveVersion = 1;
	classes = {
	};
	objectVersion = 51;
	objects = {

/* Begin PBXBuildFile section */
		6C5249FE258365DB00713D9F /* AppDelegate.swift in Sources */ = {isa = PBXBuildFile; fileRef = 6C5249FD258365DB00713D9F /* AppDelegate.swift */; };
		6C524A00258365DB00713D9F /* SceneDelegate.swift in Sources */ = {isa = PBXBuildFile; fileRef = 6C5249FF258365DB00713D9F /* SceneDelegate.swift */; };
		6C524A02258365DB00713D9F /* ViewController.swift in Sources */ = {isa = PBXBuildFile; fileRef = 6C524A01258365DB00713D9F /* ViewController.swift */; };
		6C524A05258365DB00713D9F /* Main.storyboard in Resources */ = {isa = PBXBuildFile; fileRef = 6C524A03258365DB00713D9F /* Main.storyboard */; };
		6C524A07258365DC00713D9F /* Assets.xcassets in Resources */ = {isa = PBXBuildFile; fileRef = 6C524A06258365DC00713D9F /* Assets.xcassets */; };
		6C524A0A258365DC00713D9F /* LaunchScreen.storyboard in Resources */ = {isa = PBXBuildFile; fileRef = 6C524A08258365DC00713D9F /* LaunchScreen.storyboard */; };
		6CCBD80E25836D93008FC884 /* mysecret.swift in Sources */ = {isa = PBXBuildFile; fileRef = 6CCBD80D25836D93008FC884 /* mysecret.swift */; };
		6CCBD81125836DAF008FC884 /* UnsplashModel.swift in Sources */ = {isa = PBXBuildFile; fileRef = 6CCBD81025836DAF008FC884 /* UnsplashModel.swift */; };
		6CCBD81425836EF7008FC884 /* unsplash_responseJSON.swift in Sources */ = {isa = PBXBuildFile; fileRef = 6CCBD81325836EF7008FC884 /* unsplash_responseJSON.swift */; };
		6CCBD81925836FAB008FC884 /* alamo_Decodable.swift in Sources */ = {isa = PBXBuildFile; fileRef = 6CCBD81825836FAB008FC884 /* alamo_Decodable.swift */; };
		6CCBD81D258370EA008FC884 /* jsonCodable.swift in Sources */ = {isa = PBXBuildFile; fileRef = 6CCBD81C258370EA008FC884 /* jsonCodable.swift */; };
		6CCBD82125838096008FC884 /* alamo_responseJSON.swift in Sources */ = {isa = PBXBuildFile; fileRef = 6CCBD82025838096008FC884 /* alamo_responseJSON.swift */; };
		6CCBD825258383F5008FC884 /* alamo_responseJSON_verbose.swift in Sources */ = {isa = PBXBuildFile; fileRef = 6CCBD824258383F5008FC884 /* alamo_responseJSON_verbose.swift */; };
		6CCBD8282583856A008FC884 /* simplePost.swift in Sources */ = {isa = PBXBuildFile; fileRef = 6CCBD8272583856A008FC884 /* simplePost.swift */; };
		6CCBD830258387A3008FC884 /* flickrrr.swift in Sources */ = {isa = PBXBuildFile; fileRef = 6CCBD82F258387A3008FC884 /* flickrrr.swift */; };
		6CCBD837258388F3008FC884 /* jsonRaw_help.swift in Sources */ = {isa = PBXBuildFile; fileRef = 6CCBD836258388F3008FC884 /* jsonRaw_help.swift */; };
		A5189AD3452A29D719D0FFE6 /* Pods_Alamo5_101.framework in Frameworks */ = {isa = PBXBuildFile; fileRef = 5173207E797169CB72ED8794 /* Pods_Alamo5_101.framework */; };
/* End PBXBuildFile section */

/* Begin PBXFileReference section */
		210EB55600B52726F9540D5C /* Pods-Alamo5.101.debug.xcconfig */ = {isa = PBXFileReference; includeInIndex = 1; lastKnownFileType = text.xcconfig; name = "Pods-Alamo5.101.debug.xcconfig"; path = "Target Support Files/Pods-Alamo5.101/Pods-Alamo5.101.debug.xcconfig"; sourceTree = "<group>"; };
		49C7CD462D273BB77F9D54B3 /* Pods-Alamo5.101.release.xcconfig */ = {isa = PBXFileReference; includeInIndex = 1; lastKnownFileType = text.xcconfig; name = "Pods-Alamo5.101.release.xcconfig"; path = "Target Support Files/Pods-Alamo5.101/Pods-Alamo5.101.release.xcconfig"; sourceTree = "<group>"; };
		5173207E797169CB72ED8794 /* Pods_Alamo5_101.framework */ = {isa = PBXFileReference; explicitFileType = wrapper.framework; includeInIndex = 0; path = Pods_Alamo5_101.framework; sourceTree = BUILT_PRODUCTS_DIR; };
		6C5249FA258365DB00713D9F /* Alamo5.101.app */ = {isa = PBXFileReference; explicitFileType = wrapper.application; includeInIndex = 0; path = Alamo5.101.app; sourceTree = BUILT_PRODUCTS_DIR; };
		6C5249FD258365DB00713D9F /* AppDelegate.swift */ = {isa = PBXFileReference; lastKnownFileType = sourcecode.swift; path = AppDelegate.swift; sourceTree = "<group>"; };
		6C5249FF258365DB00713D9F /* SceneDelegate.swift */ = {isa = PBXFileReference; lastKnownFileType = sourcecode.swift; path = SceneDelegate.swift; sourceTree = "<group>"; };
		6C524A01258365DB00713D9F /* ViewController.swift */ = {isa = PBXFileReference; lastKnownFileType = sourcecode.swift; path = ViewController.swift; sourceTree = "<group>"; };
		6C524A04258365DB00713D9F /* Base */ = {isa = PBXFileReference; lastKnownFileType = file.storyboard; name = Base; path = Base.lproj/Main.storyboard; sourceTree = "<group>"; };
		6C524A06258365DC00713D9F /* Assets.xcassets */ = {isa = PBXFileReference; lastKnownFileType = folder.assetcatalog; path = Assets.xcassets; sourceTree = "<group>"; };
		6C524A09258365DC00713D9F /* Base */ = {isa = PBXFileReference; lastKnownFileType = file.storyboard; name = Base; path = Base.lproj/LaunchScreen.storyboard; sourceTree = "<group>"; };
		6C524A0B258365DC00713D9F /* Info.plist */ = {isa = PBXFileReference; lastKnownFileType = text.plist.xml; path = Info.plist; sourceTree = "<group>"; };
		6CCBD80D25836D93008FC884 /* mysecret.swift */ = {isa = PBXFileReference; fileEncoding = 4; lastKnownFileType = sourcecode.swift; path = mysecret.swift; sourceTree = SOURCE_ROOT; };
		6CCBD81025836DAF008FC884 /* UnsplashModel.swift */ = {isa = PBXFileReference; fileEncoding = 4; lastKnownFileType = sourcecode.swift; path = UnsplashModel.swift; sourceTree = "<group>"; };
		6CCBD81325836EF7008FC884 /* unsplash_responseJSON.swift */ = {isa = PBXFileReference; lastKnownFileType = sourcecode.swift; path = unsplash_responseJSON.swift; sourceTree = "<group>"; };
		6CCBD81825836FAB008FC884 /* alamo_Decodable.swift */ = {isa = PBXFileReference; lastKnownFileType = sourcecode.swift; path = alamo_Decodable.swift; sourceTree = "<group>"; };
		6CCBD81C258370EA008FC884 /* jsonCodable.swift */ = {isa = PBXFileReference; lastKnownFileType = sourcecode.swift; path = jsonCodable.swift; sourceTree = "<group>"; };
		6CCBD82025838096008FC884 /* alamo_responseJSON.swift */ = {isa = PBXFileReference; lastKnownFileType = sourcecode.swift; path = alamo_responseJSON.swift; sourceTree = "<group>"; };
		6CCBD824258383F5008FC884 /* alamo_responseJSON_verbose.swift */ = {isa = PBXFileReference; lastKnownFileType = sourcecode.swift; path = alamo_responseJSON_verbose.swift; sourceTree = "<group>"; };
		6CCBD8272583856A008FC884 /* simplePost.swift */ = {isa = PBXFileReference; lastKnownFileType = sourcecode.swift; path = simplePost.swift; sourceTree = "<group>"; };
		6CCBD82F258387A3008FC884 /* flickrrr.swift */ = {isa = PBXFileReference; lastKnownFileType = sourcecode.swift; path = flickrrr.swift; sourceTree = "<group>"; };
		6CCBD836258388F3008FC884 /* jsonRaw_help.swift */ = {isa = PBXFileReference; lastKnownFileType = sourcecode.swift; path = jsonRaw_help.swift; sourceTree = "<group>"; };
/* End PBXFileReference section */

/* Begin PBXFrameworksBuildPhase section */
		6C5249F7258365DB00713D9F /* Frameworks */ = {
			isa = PBXFrameworksBuildPhase;
			buildActionMask = 2147483647;
			files = (
				A5189AD3452A29D719D0FFE6 /* Pods_Alamo5_101.framework in Frameworks */,
			);
			runOnlyForDeploymentPostprocessing = 0;
		};
/* End PBXFrameworksBuildPhase section */

/* Begin PBXGroup section */
		6C5249F1258365DB00713D9F = {
			isa = PBXGroup;
			children = (
				6C5249FC258365DB00713D9F /* Alamo5.101 */,
				6C5249FB258365DB00713D9F /* Products */,
				B98230CA39A9948E901E3AE4 /* Pods */,
				EF972232485B9FF450175275 /* Frameworks */,
			);
			sourceTree = "<group>";
		};
		6C5249FB258365DB00713D9F /* Products */ = {
			isa = PBXGroup;
			children = (
				6C5249FA258365DB00713D9F /* Alamo5.101.app */,
			);
			name = Products;
			sourceTree = "<group>";
		};
		6C5249FC258365DB00713D9F /* Alamo5.101 */ = {
			isa = PBXGroup;
			children = (
				6CCBD80D25836D93008FC884 /* mysecret.swift */,
				6C5249FD258365DB00713D9F /* AppDelegate.swift */,
				6C5249FF258365DB00713D9F /* SceneDelegate.swift */,
				6C524A01258365DB00713D9F /* ViewController.swift */,
				6CCBD81625836F6A008FC884 /* Get */,
				6CCBD82A2583869B008FC884 /* Post */,
				6CCBD81025836DAF008FC884 /* UnsplashModel.swift */,
				6C524A03258365DB00713D9F /* Main.storyboard */,
				6C524A06258365DC00713D9F /* Assets.xcassets */,
				6C524A08258365DC00713D9F /* LaunchScreen.storyboard */,
				6C524A0B258365DC00713D9F /* Info.plist */,
			);
			path = Alamo5.101;
			sourceTree = "<group>";
		};
		6CCBD81625836F6A008FC884 /* Get */ = {
			isa = PBXGroup;
			children = (
				6CCBD836258388F3008FC884 /* jsonRaw_help.swift */,
				6CCBD82025838096008FC884 /* alamo_responseJSON.swift */,
				6CCBD824258383F5008FC884 /* alamo_responseJSON_verbose.swift */,
				6CCBD81C258370EA008FC884 /* jsonCodable.swift */,
				6CCBD81825836FAB008FC884 /* alamo_Decodable.swift */,
				6CCBD81325836EF7008FC884 /* unsplash_responseJSON.swift */,
				6CCBD82F258387A3008FC884 /* flickrrr.swift */,
			);
			path = Get;
			sourceTree = "<group>";
		};
		6CCBD82A2583869B008FC884 /* Post */ = {
			isa = PBXGroup;
			children = (
				6CCBD8272583856A008FC884 /* simplePost.swift */,
			);
			path = Post;
			sourceTree = "<group>";
		};
		B98230CA39A9948E901E3AE4 /* Pods */ = {
			isa = PBXGroup;
			children = (
				210EB55600B52726F9540D5C /* Pods-Alamo5.101.debug.xcconfig */,
				49C7CD462D273BB77F9D54B3 /* Pods-Alamo5.101.release.xcconfig */,
			);
			path = Pods;
			sourceTree = "<group>";
		};
		EF972232485B9FF450175275 /* Frameworks */ = {
			isa = PBXGroup;
			children = (
				5173207E797169CB72ED8794 /* Pods_Alamo5_101.framework */,
			);
			name = Frameworks;
			sourceTree = "<group>";
		};
/* End PBXGroup section */

/* Begin PBXNativeTarget section */
		6C5249F9258365DB00713D9F /* Alamo5.101 */ = {
			isa = PBXNativeTarget;
			buildConfigurationList = 6C524A0E258365DC00713D9F /* Build configuration list for PBXNativeTarget "Alamo5.101" */;
			buildPhases = (
				FC01898003C0ACB2AF28C7CD /* [CP] Check Pods Manifest.lock */,
				6C5249F6258365DB00713D9F /* Sources */,
				6C5249F7258365DB00713D9F /* Frameworks */,
				6C5249F8258365DB00713D9F /* Resources */,
				C4DAA5C43C7BC4B091812805 /* [CP] Embed Pods Frameworks */,
			);
			buildRules = (
			);
			dependencies = (
			);
			name = Alamo5.101;
			productName = Alamo5.101;
			productReference = 6C5249FA258365DB00713D9F /* Alamo5.101.app */;
			productType = "com.apple.product-type.application";
		};
/* End PBXNativeTarget section */

/* Begin PBXProject section */
		6C5249F2258365DB00713D9F /* Project object */ = {
			isa = PBXProject;
			attributes = {
				LastSwiftUpdateCheck = 1220;
				LastUpgradeCheck = 1220;
				TargetAttributes = {
					6C5249F9258365DB00713D9F = {
						CreatedOnToolsVersion = 12.2;
					};
				};
			};
			buildConfigurationList = 6C5249F5258365DB00713D9F /* Build configuration list for PBXProject "Alamo5.101" */;
			compatibilityVersion = "Xcode 9.3";
			developmentRegion = en;
			hasScannedForEncodings = 0;
			knownRegions = (
				en,
				Base,
			);
			mainGroup = 6C5249F1258365DB00713D9F;
			productRefGroup = 6C5249FB258365DB00713D9F /* Products */;
			projectDirPath = "";
			projectRoot = "";
			targets = (
				6C5249F9258365DB00713D9F /* Alamo5.101 */,
			);
		};
/* End PBXProject section */

/* Begin PBXResourcesBuildPhase section */
		6C5249F8258365DB00713D9F /* Resources */ = {
			isa = PBXResourcesBuildPhase;
			buildActionMask = 2147483647;
			files = (
				6C524A0A258365DC00713D9F /* LaunchScreen.storyboard in Resources */,
				6C524A07258365DC00713D9F /* Assets.xcassets in Resources */,
				6C524A05258365DB00713D9F /* Main.storyboard in Resources */,
			);
			runOnlyForDeploymentPostprocessing = 0;
		};
/* End PBXResourcesBuildPhase section */

/* Begin PBXShellScriptBuildPhase section */
		C4DAA5C43C7BC4B091812805 /* [CP] Embed Pods Frameworks */ = {
			isa = PBXShellScriptBuildPhase;
			buildActionMask = 2147483647;
			files = (
			);
			inputFileListPaths = (
				"${PODS_ROOT}/Target Support Files/Pods-Alamo5.101/Pods-Alamo5.101-frameworks-${CONFIGURATION}-input-files.xcfilelist",
			);
			name = "[CP] Embed Pods Frameworks";
			outputFileListPaths = (
				"${PODS_ROOT}/Target Support Files/Pods-Alamo5.101/Pods-Alamo5.101-frameworks-${CONFIGURATION}-output-files.xcfilelist",
			);
			runOnlyForDeploymentPostprocessing = 0;
			shellPath = /bin/sh;
			shellScript = "\"${PODS_ROOT}/Target Support Files/Pods-Alamo5.101/Pods-Alamo5.101-frameworks.sh\"\n";
			showEnvVarsInLog = 0;
		};
		FC01898003C0ACB2AF28C7CD /* [CP] Check Pods Manifest.lock */ = {
			isa = PBXShellScriptBuildPhase;
			buildActionMask = 2147483647;
			files = (
			);
			inputFileListPaths = (
			);
			inputPaths = (
				"${PODS_PODFILE_DIR_PATH}/Podfile.lock",
				"${PODS_ROOT}/Manifest.lock",
			);
			name = "[CP] Check Pods Manifest.lock";
			outputFileListPaths = (
			);
			outputPaths = (
				"$(DERIVED_FILE_DIR)/Pods-Alamo5.101-checkManifestLockResult.txt",
			);
			runOnlyForDeploymentPostprocessing = 0;
			shellPath = /bin/sh;
			shellScript = "diff \"${PODS_PODFILE_DIR_PATH}/Podfile.lock\" \"${PODS_ROOT}/Manifest.lock\" > /dev/null\nif [ $? != 0 ] ; then\n    # print error to STDERR\n    echo \"error: The sandbox is not in sync with the Podfile.lock. Run 'pod install' or update your CocoaPods installation.\" >&2\n    exit 1\nfi\n# This output is used by Xcode 'outputs' to avoid re-running this script phase.\necho \"SUCCESS\" > \"${SCRIPT_OUTPUT_FILE_0}\"\n";
			showEnvVarsInLog = 0;
		};
/* End PBXShellScriptBuildPhase section */

/* Begin PBXSourcesBuildPhase section */
		6C5249F6258365DB00713D9F /* Sources */ = {
			isa = PBXSourcesBuildPhase;
			buildActionMask = 2147483647;
			files = (
				6C524A02258365DB00713D9F /* ViewController.swift in Sources */,
				6CCBD81125836DAF008FC884 /* UnsplashModel.swift in Sources */,
				6CCBD830258387A3008FC884 /* flickrrr.swift in Sources */,
				6CCBD81425836EF7008FC884 /* unsplash_responseJSON.swift in Sources */,
				6CCBD80E25836D93008FC884 /* mysecret.swift in Sources */,
				6CCBD825258383F5008FC884 /* alamo_responseJSON_verbose.swift in Sources */,
				6CCBD82125838096008FC884 /* alamo_responseJSON.swift in Sources */,
				6CCBD81925836FAB008FC884 /* alamo_Decodable.swift in Sources */,
				6CCBD8282583856A008FC884 /* simplePost.swift in Sources */,
				6CCBD837258388F3008FC884 /* jsonRaw_help.swift in Sources */,
				6CCBD81D258370EA008FC884 /* jsonCodable.swift in Sources */,
				6C5249FE258365DB00713D9F /* AppDelegate.swift in Sources */,
				6C524A00258365DB00713D9F /* SceneDelegate.swift in Sources */,
			);
			runOnlyForDeploymentPostprocessing = 0;
		};
/* End PBXSourcesBuildPhase section */

/* Begin PBXVariantGroup section */
		6C524A03258365DB00713D9F /* Main.storyboard */ = {
			isa = PBXVariantGroup;
			children = (
				6C524A04258365DB00713D9F /* Base */,
			);
			name = Main.storyboard;
			sourceTree = "<group>";
		};
		6C524A08258365DC00713D9F /* LaunchScreen.storyboard */ = {
			isa = PBXVariantGroup;
			children = (
				6C524A09258365DC00713D9F /* Base */,
			);
			name = LaunchScreen.storyboard;
			sourceTree = "<group>";
		};
/* End PBXVariantGroup section */

/* Begin XCBuildConfiguration section */
		6C524A0C258365DC00713D9F /* Debug */ = {
			isa = XCBuildConfiguration;
			buildSettings = {
				ALWAYS_SEARCH_USER_PATHS = NO;
				CLANG_ANALYZER_NONNULL = YES;
				CLANG_ANALYZER_NUMBER_OBJECT_CONVERSION = YES_AGGRESSIVE;
				CLANG_CXX_LANGUAGE_STANDARD = "gnu++14";
				CLANG_CXX_LIBRARY = "libc++";
				CLANG_ENABLE_MODULES = YES;
				CLANG_ENABLE_OBJC_ARC = YES;
				CLANG_ENABLE_OBJC_WEAK = YES;
				CLANG_WARN_BLOCK_CAPTURE_AUTORELEASING = YES;
				CLANG_WARN_BOOL_CONVERSION = YES;
				CLANG_WARN_COMMA = YES;
				CLANG_WARN_CONSTANT_CONVERSION = YES;
				CLANG_WARN_DEPRECATED_OBJC_IMPLEMENTATIONS = YES;
				CLANG_WARN_DIRECT_OBJC_ISA_USAGE = YES_ERROR;
				CLANG_WARN_DOCUMENTATION_COMMENTS = YES;
				CLANG_WARN_EMPTY_BODY = YES;
				CLANG_WARN_ENUM_CONVERSION = YES;
				CLANG_WARN_INFINITE_RECURSION = YES;
				CLANG_WARN_INT_CONVERSION = YES;
				CLANG_WARN_NON_LITERAL_NULL_CONVERSION = YES;
				CLANG_WARN_OBJC_IMPLICIT_RETAIN_SELF = YES;
				CLANG_WARN_OBJC_LITERAL_CONVERSION = YES;
				CLANG_WARN_OBJC_ROOT_CLASS = YES_ERROR;
				CLANG_WARN_QUOTED_INCLUDE_IN_FRAMEWORK_HEADER = YES;
				CLANG_WARN_RANGE_LOOP_ANALYSIS = YES;
				CLANG_WARN_STRICT_PROTOTYPES = YES;
				CLANG_WARN_SUSPICIOUS_MOVE = YES;
				CLANG_WARN_UNGUARDED_AVAILABILITY = YES_AGGRESSIVE;
				CLANG_WARN_UNREACHABLE_CODE = YES;
				CLANG_WARN__DUPLICATE_METHOD_MATCH = YES;
				COPY_PHASE_STRIP = NO;
				DEBUG_INFORMATION_FORMAT = dwarf;
				ENABLE_STRICT_OBJC_MSGSEND = YES;
				ENABLE_TESTABILITY = YES;
				GCC_C_LANGUAGE_STANDARD = gnu11;
				GCC_DYNAMIC_NO_PIC = NO;
				GCC_NO_COMMON_BLOCKS = YES;
				GCC_OPTIMIZATION_LEVEL = 0;
				GCC_PREPROCESSOR_DEFINITIONS = (
					"DEBUG=1",
					"$(inherited)",
				);
				GCC_WARN_64_TO_32_BIT_CONVERSION = YES;
				GCC_WARN_ABOUT_RETURN_TYPE = YES_ERROR;
				GCC_WARN_UNDECLARED_SELECTOR = YES;
				GCC_WARN_UNINITIALIZED_AUTOS = YES_AGGRESSIVE;
				GCC_WARN_UNUSED_FUNCTION = YES;
				GCC_WARN_UNUSED_VARIABLE = YES;
				IPHONEOS_DEPLOYMENT_TARGET = 14.2;
				MTL_ENABLE_DEBUG_INFO = INCLUDE_SOURCE;
				MTL_FAST_MATH = YES;
				ONLY_ACTIVE_ARCH = YES;
				SDKROOT = iphoneos;
				SWIFT_ACTIVE_COMPILATION_CONDITIONS = DEBUG;
				SWIFT_OPTIMIZATION_LEVEL = "-Onone";
			};
			name = Debug;
		};
		6C524A0D258365DC00713D9F /* Release */ = {
			isa = XCBuildConfiguration;
			buildSettings = {
				ALWAYS_SEARCH_USER_PATHS = NO;
				CLANG_ANALYZER_NONNULL = YES;
				CLANG_ANALYZER_NUMBER_OBJECT_CONVERSION = YES_AGGRESSIVE;
				CLANG_CXX_LANGUAGE_STANDARD = "gnu++14";
				CLANG_CXX_LIBRARY = "libc++";
				CLANG_ENABLE_MODULES = YES;
				CLANG_ENABLE_OBJC_ARC = YES;
				CLANG_ENABLE_OBJC_WEAK = YES;
				CLANG_WARN_BLOCK_CAPTURE_AUTORELEASING = YES;
				CLANG_WARN_BOOL_CONVERSION = YES;
				CLANG_WARN_COMMA = YES;
				CLANG_WARN_CONSTANT_CONVERSION = YES;
				CLANG_WARN_DEPRECATED_OBJC_IMPLEMENTATIONS = YES;
				CLANG_WARN_DIRECT_OBJC_ISA_USAGE = YES_ERROR;
				CLANG_WARN_DOCUMENTATION_COMMENTS = YES;
				CLANG_WARN_EMPTY_BODY = YES;
				CLANG_WARN_ENUM_CONVERSION = YES;
				CLANG_WARN_INFINITE_RECURSION = YES;
				CLANG_WARN_INT_CONVERSION = YES;
				CLANG_WARN_NON_LITERAL_NULL_CONVERSION = YES;
				CLANG_WARN_OBJC_IMPLICIT_RETAIN_SELF = YES;
				CLANG_WARN_OBJC_LITERAL_CONVERSION = YES;
				CLANG_WARN_OBJC_ROOT_CLASS = YES_ERROR;
				CLANG_WARN_QUOTED_INCLUDE_IN_FRAMEWORK_HEADER = YES;
				CLANG_WARN_RANGE_LOOP_ANALYSIS = YES;
				CLANG_WARN_STRICT_PROTOTYPES = YES;
				CLANG_WARN_SUSPICIOUS_MOVE = YES;
				CLANG_WARN_UNGUARDED_AVAILABILITY = YES_AGGRESSIVE;
				CLANG_WARN_UNREACHABLE_CODE = YES;
				CLANG_WARN__DUPLICATE_METHOD_MATCH = YES;
				COPY_PHASE_STRIP = NO;
				DEBUG_INFORMATION_FORMAT = "dwarf-with-dsym";
				ENABLE_NS_ASSERTIONS = NO;
				ENABLE_STRICT_OBJC_MSGSEND = YES;
				GCC_C_LANGUAGE_STANDARD = gnu11;
				GCC_NO_COMMON_BLOCKS = YES;
				GCC_WARN_64_TO_32_BIT_CONVERSION = YES;
				GCC_WARN_ABOUT_RETURN_TYPE = YES_ERROR;
				GCC_WARN_UNDECLARED_SELECTOR = YES;
				GCC_WARN_UNINITIALIZED_AUTOS = YES_AGGRESSIVE;
				GCC_WARN_UNUSED_FUNCTION = YES;
				GCC_WARN_UNUSED_VARIABLE = YES;
				IPHONEOS_DEPLOYMENT_TARGET = 14.2;
				MTL_ENABLE_DEBUG_INFO = NO;
				MTL_FAST_MATH = YES;
				SDKROOT = iphoneos;
				SWIFT_COMPILATION_MODE = wholemodule;
				SWIFT_OPTIMIZATION_LEVEL = "-O";
				VALIDATE_PRODUCT = YES;
			};
			name = Release;
		};
		6C524A0F258365DC00713D9F /* Debug */ = {
			isa = XCBuildConfiguration;
			baseConfigurationReference = 210EB55600B52726F9540D5C /* Pods-Alamo5.101.debug.xcconfig */;
			buildSettings = {
				ASSETCATALOG_COMPILER_APPICON_NAME = AppIcon;
				ASSETCATALOG_COMPILER_GLOBAL_ACCENT_COLOR_NAME = AccentColor;
				CODE_SIGN_STYLE = Automatic;
				DEVELOPMENT_TEAM = L938T5Q7J8;
				INFOPLIST_FILE = Alamo5.101/Info.plist;
				LD_RUNPATH_SEARCH_PATHS = (
					"$(inherited)",
					"@executable_path/Frameworks",
				);
				PRODUCT_BUNDLE_IDENTIFIER = "-.Alamo5-101";
				PRODUCT_NAME = "$(TARGET_NAME)";
				SWIFT_VERSION = 5.0;
				TARGETED_DEVICE_FAMILY = "1,2";
			};
			name = Debug;
		};
		6C524A10258365DC00713D9F /* Release */ = {
			isa = XCBuildConfiguration;
			baseConfigurationReference = 49C7CD462D273BB77F9D54B3 /* Pods-Alamo5.101.release.xcconfig */;
			buildSettings = {
				ASSETCATALOG_COMPILER_APPICON_NAME = AppIcon;
				ASSETCATALOG_COMPILER_GLOBAL_ACCENT_COLOR_NAME = AccentColor;
				CODE_SIGN_STYLE = Automatic;
				DEVELOPMENT_TEAM = L938T5Q7J8;
				INFOPLIST_FILE = Alamo5.101/Info.plist;
				LD_RUNPATH_SEARCH_PATHS = (
					"$(inherited)",
					"@executable_path/Frameworks",
				);
				PRODUCT_BUNDLE_IDENTIFIER = "-.Alamo5-101";
				PRODUCT_NAME = "$(TARGET_NAME)";
				SWIFT_VERSION = 5.0;
				TARGETED_DEVICE_FAMILY = "1,2";
			};
			name = Release;
		};
/* End XCBuildConfiguration section */

/* Begin XCConfigurationList section */
		6C5249F5258365DB00713D9F /* Build configuration list for PBXProject "Alamo5.101" */ = {
			isa = XCConfigurationList;
			buildConfigurations = (
				6C524A0C258365DC00713D9F /* Debug */,
				6C524A0D258365DC00713D9F /* Release */,
			);
			defaultConfigurationIsVisible = 0;
			defaultConfigurationName = Release;
		};
		6C524A0E258365DC00713D9F /* Build configuration list for PBXNativeTarget "Alamo5.101" */ = {
			isa = XCConfigurationList;
			buildConfigurations = (
				6C524A0F258365DC00713D9F /* Debug */,
				6C524A10258365DC00713D9F /* Release */,
			);
			defaultConfigurationIsVisible = 0;
			defaultConfigurationName = Release;
		};
/* End XCConfigurationList section */
	};
	rootObject = 6C5249F2258365DB00713D9F /* Project object */;
}
